
Microsoft Visual Studio Solution File, Format Version 12.00
# Visual Studio 15
VisualStudioVersion = 15.0.28010.2050
MinimumVisualStudioVersion = 10.0.40219.1
Project("{FAE04EC0-301F-11D3-BF4B-00C04F79EFBC}") = "FakeFacebook", "FakeFacebook\FakeFacebook.csproj", "{85CA35B5-0BBB-4699-821A-CDD3CE0C6E02}"
EndProject
Project("{FAE04EC0-301F-11D3-BF4B-00C04F79EFBC}") = "Utilities", "Utilities\Utilities.csproj", "{85C51F91-C624-4657-B481-807D28D4BAAC}"
EndProject
Global
	GlobalSection(SolutionConfigurationPlatforms) = preSolution
		Debug|Any CPU = Debug|Any CPU
		Release|Any CPU = Release|Any CPU
	EndGlobalSection
	GlobalSection(ProjectConfigurationPlatforms) = postSolution
		{85CA35B5-0BBB-4699-821A-CDD3CE0C6E02}.Debug|Any CPU.ActiveCfg = Debug|Any CPU
		{85CA35B5-0BBB-4699-821A-CDD3CE0C6E02}.Debug|Any CPU.Build.0 = Debug|Any CPU
		{85CA35B5-0BBB-4699-821A-CDD3CE0C6E02}.Release|Any CPU.ActiveCfg = Release|Any CPU
		{85CA35B5-0BBB-4699-821A-CDD3CE0C6E02}.Release|Any CPU.Build.0 = Release|Any CPU
		{85C51F91-C624-4657-B481-807D28D4BAAC}.Debug|Any CPU.ActiveCfg = Debug|Any CPU
		{85C51F91-C624-4657-B481-807D28D4BAAC}.Debug|Any CPU.Build.0 = Debug|Any CPU
		{85C51F91-C624-4657-B481-807D28D4BAAC}.Release|Any CPU.ActiveCfg = Release|Any CPU
		{85C51F91-C624-4657-B481-807D28D4BAAC}.Release|Any CPU.Build.0 = Release|Any CPU
	EndGlobalSection
	GlobalSection(SolutionProperties) = preSolution
		HideSolutionNode = FALSE
	EndGlobalSection
	GlobalSection(ExtensibilityGlobals) = postSolution
		SolutionGuid = {1CD5E946-9BC8-463D-A700-BF6813298575}
	EndGlobalSection
EndGlobal
